// !$*UTF8*$!
{
	archiveVersion = 1;
	classes = {
	};
	objectVersion = 46;
	objects = {

/* Begin PBXBuildFile section */
		20ACAB6C72C11612A2C0F9D8 /* Cocoa.framework in Frameworks */ = {isa = PBXBuildFile; fileRef = E608FDFF4E7FA319254CBC4E /* Cocoa.framework */; };
		5AAFD8DF586A2D1082CCEF7F /* QuartzCore.framework in Frameworks */ = {isa = PBXBuildFile; fileRef = 60650E39020C417B72BA6725 /* QuartzCore.framework */; };
		B4AFD6811D1111E64F98F58C /* CoreData.framework in Frameworks */ = {isa = PBXBuildFile; fileRef = 98A0235FB0AC23D6D1CE6FE8 /* CoreData.framework */; };
		C206AF23D4F12576650B9EEC /* CoreGraphics.framework in Frameworks */ = {isa = PBXBuildFile; fileRef = 7B17E3D8FA513B886C303684 /* CoreGraphics.framework */; };
		CD2ABA344A05315E97E1A7B9 /* Stubs.m in Sources */ = {isa = PBXBuildFile; fileRef = C0288FABB0B5CE2D6B0E1AFE /* Stubs.m */; };
/* End PBXBuildFile section */

/* Begin PBXFileReference section */
		100BBC8960DA5C45C23A9FC7 /* Stubs.h */ = {isa = PBXFileReference; includeInIndex = 1; lastKnownFileType = sourcecode.c.h; path = Stubs.h; sourceTree = "<group>"; };
		42E0F9CCFCB7C4772EC222AA /* clock.png */ = {isa = PBXFileReference; includeInIndex = 1; lastKnownFileType = image.png; path = clock.png; sourceTree = "<group>"; };
		60650E39020C417B72BA6725 /* QuartzCore.framework */ = {isa = PBXFileReference; lastKnownFileType = wrapper.framework; name = QuartzCore.framework; path = Platforms/MacOSX.platform/Developer/SDKs/MacOSX10.9.sdk/System/Library/Frameworks/QuartzCore.framework; sourceTree = DEVELOPER_DIR; };
		69694D8AF467F443E8C291BA /* MainWindow.xib */ = {isa = PBXFileReference; includeInIndex = 1; lastKnownFileType = file.xib; path = MainWindow.xib; sourceTree = "<group>"; };
		6D80FAD8426AE020760A9ABC /* libib.a */ = {isa = PBXFileReference; explicitFileType = archive.ar; includeInIndex = 0; path = libib.a; sourceTree = BUILT_PRODUCTS_DIR; };
		7B17E3D8FA513B886C303684 /* CoreGraphics.framework */ = {isa = PBXFileReference; lastKnownFileType = wrapper.framework; name = CoreGraphics.framework; path = Platforms/MacOSX.platform/Developer/SDKs/MacOSX10.9.sdk/System/Library/Frameworks/CoreGraphics.framework; sourceTree = DEVELOPER_DIR; };
		98A0235FB0AC23D6D1CE6FE8 /* CoreData.framework */ = {isa = PBXFileReference; lastKnownFileType = wrapper.framework; name = CoreData.framework; path = Platforms/MacOSX.platform/Developer/SDKs/MacOSX10.9.sdk/System/Library/Frameworks/CoreData.framework; sourceTree = DEVELOPER_DIR; };
		C0288FABB0B5CE2D6B0E1AFE /* Stubs.m */ = {isa = PBXFileReference; includeInIndex = 1; lastKnownFileType = sourcecode.c.objc; path = Stubs.m; sourceTree = "<group>"; };
		D5EF4DEFA33CE4BDF5801DA1 /* Preferences.xib */ = {isa = PBXFileReference; includeInIndex = 1; lastKnownFileType = file.xib; path = Preferences.xib; sourceTree = "<group>"; };
		E608FDFF4E7FA319254CBC4E /* Cocoa.framework */ = {isa = PBXFileReference; lastKnownFileType = wrapper.framework; name = Cocoa.framework; path = Platforms/MacOSX.platform/Developer/SDKs/MacOSX10.9.sdk/System/Library/Frameworks/Cocoa.framework; sourceTree = DEVELOPER_DIR; };
/* End PBXFileReference section */

/* Begin PBXFrameworksBuildPhase section */
		CE97B78943CB46486076B18D /* Frameworks */ = {
			isa = PBXFrameworksBuildPhase;
			buildActionMask = 2147483647;
			files = (
				20ACAB6C72C11612A2C0F9D8 /* Cocoa.framework in Frameworks */,
				5AAFD8DF586A2D1082CCEF7F /* QuartzCore.framework in Frameworks */,
				C206AF23D4F12576650B9EEC /* CoreGraphics.framework in Frameworks */,
				B4AFD6811D1111E64F98F58C /* CoreData.framework in Frameworks */,
			);
			runOnlyForDeploymentPostprocessing = 0;
		};
/* End PBXFrameworksBuildPhase section */

/* Begin PBXGroup section */
		150B8BD579C9721910738ED7 = {
			isa = PBXGroup;
			children = (
				444CF40F9779B44E22C140BB /* Products */,
				48817956975B8FC412008E82 /* Frameworks */,
				36892A227C8B5C806AD32F32 /* Supporting Files */,
				BEA97730CD0EFA2AB4B9915B /* Pods */,
				265940B11A89488FEB55BA64 /* Resources */,
			);
			sourceTree = "<group>";
		};
		265940B11A89488FEB55BA64 /* Resources */ = {
			isa = PBXGroup;
			children = (
				3593153EF3AE83D05C4D3B49 /* resources */,
			);
			name = Resources;
			sourceTree = "<group>";
		};
		3593153EF3AE83D05C4D3B49 /* resources */ = {
			isa = PBXGroup;
			children = (
				55054EF8C78E28D90E76A2C0 /* lapsus-ruby.xcdatamodeld */,
				C6347911413A96B75E87881F /* lapsus.xcdatamodeld */,
				4EECB595FBD205DC692F021A /* lapsus_menu_bar.xcdatamodeld */,
				42E0F9CCFCB7C4772EC222AA /* clock.png */,
				69694D8AF467F443E8C291BA /* MainWindow.xib */,
				D5EF4DEFA33CE4BDF5801DA1 /* Preferences.xib */,
			);
			name = resources;
			path = ./resources;
			sourceTree = "<group>";
		};
		36892A227C8B5C806AD32F32 /* Supporting Files */ = {
			isa = PBXGroup;
			children = (
				100BBC8960DA5C45C23A9FC7 /* Stubs.h */,
				C0288FABB0B5CE2D6B0E1AFE /* Stubs.m */,
			);
			name = "Supporting Files";
			path = /Users/johngallagher/Dropbox/Projects/ProgrammingProjects/CurrentProjects/lapsus/ib.xcodeproj;
			sourceTree = "<group>";
		};
		444CF40F9779B44E22C140BB /* Products */ = {
			isa = PBXGroup;
			children = (
				6D80FAD8426AE020760A9ABC /* libib.a */,
			);
			name = Products;
			sourceTree = "<group>";
		};
		48817956975B8FC412008E82 /* Frameworks */ = {
			isa = PBXGroup;
			children = (
				72C136D118213A0D8FAE0BFC /* OS X */,
			);
			name = Frameworks;
			sourceTree = "<group>";
		};
		72C136D118213A0D8FAE0BFC /* OS X */ = {
			isa = PBXGroup;
			children = (
				E608FDFF4E7FA319254CBC4E /* Cocoa.framework */,
				60650E39020C417B72BA6725 /* QuartzCore.framework */,
				7B17E3D8FA513B886C303684 /* CoreGraphics.framework */,
				98A0235FB0AC23D6D1CE6FE8 /* CoreData.framework */,
			);
			name = "OS X";
			sourceTree = "<group>";
		};
		BEA97730CD0EFA2AB4B9915B /* Pods */ = {
			isa = PBXGroup;
			children = (
			);
			name = Pods;
			path = /Users/johngallagher/Dropbox/Projects/ProgrammingProjects/CurrentProjects/lapsus/vendor/Pods/Headers;
			sourceTree = "<group>";
		};
/* End PBXGroup section */

/* Begin PBXNativeTarget section */
		17FCCBBD666CD204135E0157 /* ib */ = {
			isa = PBXNativeTarget;
			buildConfigurationList = 5DE08E72D5B98D494B72A7E1 /* Build configuration list for PBXNativeTarget "ib" */;
			buildPhases = (
				1A4E167B56E71A19FB98BD55 /* Sources */,
				CE97B78943CB46486076B18D /* Frameworks */,
			);
			buildRules = (
			);
			dependencies = (
			);
			name = ib;
			productName = ib;
			productReference = 6D80FAD8426AE020760A9ABC /* libib.a */;
			productType = "com.apple.product-type.library.static";
		};
/* End PBXNativeTarget section */

/* Begin PBXProject section */
		1EABA5F98EF21E446127008D /* Project object */ = {
			isa = PBXProject;
			attributes = {
				LastUpgradeCheck = 0510;
			};
			buildConfigurationList = E5D77CCF82FB9276458C5598 /* Build configuration list for PBXProject "ib" */;
			compatibilityVersion = "Xcode 3.2";
			developmentRegion = English;
			hasScannedForEncodings = 0;
			knownRegions = (
				en,
			);
			mainGroup = 150B8BD579C9721910738ED7;
			productRefGroup = 444CF40F9779B44E22C140BB /* Products */;
			projectDirPath = "";
			projectRoot = "";
			targets = (
				17FCCBBD666CD204135E0157 /* ib */,
			);
		};
/* End PBXProject section */

/* Begin PBXSourcesBuildPhase section */
		1A4E167B56E71A19FB98BD55 /* Sources */ = {
			isa = PBXSourcesBuildPhase;
			buildActionMask = 2147483647;
			files = (
				CD2ABA344A05315E97E1A7B9 /* Stubs.m in Sources */,
			);
			runOnlyForDeploymentPostprocessing = 0;
		};
/* End PBXSourcesBuildPhase section */

/* Begin XCBuildConfiguration section */
		188C3E71EEC2FDD7667A7D1E /* Debug */ = {
			isa = XCBuildConfiguration;
			buildSettings = {
				ALWAYS_SEARCH_USER_PATHS = NO;
				CLANG_CXX_LANGUAGE_STANDARD = "gnu++0x";
				CLANG_CXX_LIBRARY = "libc++";
				CLANG_ENABLE_MODULES = YES;
				CLANG_ENABLE_OBJC_ARC = YES;
				CLANG_WARN_BOOL_CONVERSION = YES;
				CLANG_WARN_CONSTANT_CONVERSION = YES;
				CLANG_WARN_DIRECT_OBJC_ISA_USAGE = YES;
				CLANG_WARN_EMPTY_BODY = YES;
				CLANG_WARN_ENUM_CONVERSION = YES;
				CLANG_WARN_INT_CONVERSION = YES;
				CLANG_WARN_OBJC_ROOT_CLASS = YES;
				CLANG_WARN_UNREACHABLE_CODE = YES;
				CLANG_WARN__DUPLICATE_METHOD_MATCH = YES;
				COPY_PHASE_STRIP = NO;
				GCC_C_LANGUAGE_STANDARD = gnu99;
				GCC_DYNAMIC_NO_PIC = NO;
				GCC_OPTIMIZATION_LEVEL = 0;
				GCC_PREPROCESSOR_DEFINITIONS = (
					"DEBUG=1",
					"$(inherited)",
				);
				GCC_SYMBOLS_PRIVATE_EXTERN = NO;
				GCC_WARN_64_TO_32_BIT_CONVERSION = YES;
				GCC_WARN_ABOUT_RETURN_TYPE = YES;
				GCC_WARN_UNDECLARED_SELECTOR = YES;
				GCC_WARN_UNINITIALIZED_AUTOS = YES;
				GCC_WARN_UNUSED_FUNCTION = YES;
				GCC_WARN_UNUSED_VARIABLE = YES;
				ONLY_ACTIVE_ARCH = YES;
			};
			name = Debug;
		};
		B65CFEAA309234AB109AB357 /* Debug */ = {
			isa = XCBuildConfiguration;
			buildSettings = {
				ENABLE_STRICT_OBJC_MSGSEND = YES;
				EXECUTABLE_PREFIX = lib;
				MTL_ENABLE_DEBUG_INFO = YES;
				PRODUCT_NAME = "$(TARGET_NAME)";
				SDKROOT = macosx;
			};
			name = Debug;
		};
		C93AA0F9D636FD78812ED4AF /* Release */ = {
			isa = XCBuildConfiguration;
			buildSettings = {
				DEBUG_INFORMATION_FORMAT = "dwarf-with-dsym";
				ENABLE_STRICT_OBJC_MSGSEND = YES;
				EXECUTABLE_PREFIX = lib;
				MTL_ENABLE_DEBUG_INFO = NO;
				PRODUCT_NAME = "$(TARGET_NAME)";
				SDKROOT = macosx;
			};
			name = Release;
		};
		E2E82C06AE88527747AC34DF /* Release */ = {
			isa = XCBuildConfiguration;
			buildSettings = {
				ALWAYS_SEARCH_USER_PATHS = NO;
				CLANG_CXX_LANGUAGE_STANDARD = "gnu++0x";
				CLANG_CXX_LIBRARY = "libc++";
				CLANG_ENABLE_MODULES = YES;
				CLANG_ENABLE_OBJC_ARC = YES;
				CLANG_WARN_BOOL_CONVERSION = YES;
				CLANG_WARN_CONSTANT_CONVERSION = YES;
				CLANG_WARN_DIRECT_OBJC_ISA_USAGE = YES;
				CLANG_WARN_EMPTY_BODY = YES;
				CLANG_WARN_ENUM_CONVERSION = YES;
				CLANG_WARN_INT_CONVERSION = YES;
				CLANG_WARN_OBJC_ROOT_CLASS = YES;
				CLANG_WARN_UNREACHABLE_CODE = YES;
				CLANG_WARN__DUPLICATE_METHOD_MATCH = YES;
				COPY_PHASE_STRIP = YES;
				ENABLE_NS_ASSERTIONS = NO;
				GCC_C_LANGUAGE_STANDARD = gnu99;
				GCC_WARN_64_TO_32_BIT_CONVERSION = YES;
				GCC_WARN_ABOUT_RETURN_TYPE = YES;
				GCC_WARN_UNDECLARED_SELECTOR = YES;
				GCC_WARN_UNINITIALIZED_AUTOS = YES;
				GCC_WARN_UNUSED_FUNCTION = YES;
				GCC_WARN_UNUSED_VARIABLE = YES;
				VALIDATE_PRODUCT = YES;
			};
			name = Release;
		};
/* End XCBuildConfiguration section */

/* Begin XCConfigurationList section */
		5DE08E72D5B98D494B72A7E1 /* Build configuration list for PBXNativeTarget "ib" */ = {
			isa = XCConfigurationList;
			buildConfigurations = (
				C93AA0F9D636FD78812ED4AF /* Release */,
				B65CFEAA309234AB109AB357 /* Debug */,
			);
			defaultConfigurationIsVisible = 0;
			defaultConfigurationName = Release;
		};
		E5D77CCF82FB9276458C5598 /* Build configuration list for PBXProject "ib" */ = {
			isa = XCConfigurationList;
			buildConfigurations = (
				188C3E71EEC2FDD7667A7D1E /* Debug */,
				E2E82C06AE88527747AC34DF /* Release */,
			);
			defaultConfigurationIsVisible = 0;
			defaultConfigurationName = Release;
		};
/* End XCConfigurationList section */

/* Begin XCVersionGroup section */
		4EECB595FBD205DC692F021A /* lapsus_menu_bar.xcdatamodeld */ = {
			isa = XCVersionGroup;
			children = (
			);
			path = lapsus_menu_bar.xcdatamodeld;
			sourceTree = "<group>";
			versionGroupType = wrapper.xcdatamodel;
		};
		55054EF8C78E28D90E76A2C0 /* lapsus-ruby.xcdatamodeld */ = {
			isa = XCVersionGroup;
			children = (
			);
			path = "lapsus-ruby.xcdatamodeld";
			sourceTree = "<group>";
			versionGroupType = wrapper.xcdatamodel;
		};
		C6347911413A96B75E87881F /* lapsus.xcdatamodeld */ = {
			isa = XCVersionGroup;
			children = (
			);
			path = lapsus.xcdatamodeld;
			sourceTree = "<group>";
			versionGroupType = wrapper.xcdatamodel;
		};
/* End XCVersionGroup section */
	};
	rootObject = 1EABA5F98EF21E446127008D /* Project object */;
}
